// !$*UTF8*$!
{
	archiveVersion = 1;
	classes = {
	};
	objectVersion = 51;
	objects = {

/* Begin PBXBuildFile section */
		1295993AA07EB8B9DD1390AB /* Pods_TodayHeadline.framework in Frameworks */ = {isa = PBXBuildFile; fileRef = 83EC866737B8B048CE717FF3 /* Pods_TodayHeadline.framework */; };
		646540132387CCDF0094302B /* TabBarController.swift in Sources */ = {isa = PBXBuildFile; fileRef = 646540122387CCDF0094302B /* TabBarController.swift */; };
		646540152387CD930094302B /* NavigationController.swift in Sources */ = {isa = PBXBuildFile; fileRef = 646540142387CD930094302B /* NavigationController.swift */; };
		646540172387CDC90094302B /* HomeViewController.swift in Sources */ = {isa = PBXBuildFile; fileRef = 646540162387CDC90094302B /* HomeViewController.swift */; };
		646540192387CE820094302B /* VideoViewController.swift in Sources */ = {isa = PBXBuildFile; fileRef = 646540182387CE820094302B /* VideoViewController.swift */; };
		6465401B2387CE9D0094302B /* VolcanoViewController.swift in Sources */ = {isa = PBXBuildFile; fileRef = 6465401A2387CE9D0094302B /* VolcanoViewController.swift */; };
		6465401D2387CEC20094302B /* MineViewController.swift in Sources */ = {isa = PBXBuildFile; fileRef = 6465401C2387CEC20094302B /* MineViewController.swift */; };
		648C83EF237E56FF00CC7620 /* Assets.xcassets in Resources */ = {isa = PBXBuildFile; fileRef = 648C83D4237E56FF00CC7620 /* Assets.xcassets */; };
		648C83F0237E56FF00CC7620 /* AppDelegate.swift in Sources */ = {isa = PBXBuildFile; fileRef = 648C83E6237E56FF00CC7620 /* AppDelegate.swift */; };
		64D5F47B2387DA2F00204B7E /* UIBarButtonItem+Extension.swift in Sources */ = {isa = PBXBuildFile; fileRef = 64D5F4742387DA2F00204B7E /* UIBarButtonItem+Extension.swift */; };
		64D5F47C2387DA2F00204B7E /* UIImageView+Extension.swift in Sources */ = {isa = PBXBuildFile; fileRef = 64D5F4752387DA2F00204B7E /* UIImageView+Extension.swift */; };
		64D5F47D2387DA2F00204B7E /* UIImage+Extension.swift in Sources */ = {isa = PBXBuildFile; fileRef = 64D5F4762387DA2F00204B7E /* UIImage+Extension.swift */; };
		64D5F47F2387DA2F00204B7E /* UIColor+Extension.swift in Sources */ = {isa = PBXBuildFile; fileRef = 64D5F4782387DA2F00204B7E /* UIColor+Extension.swift */; };
		64D5F4802387DA2F00204B7E /* UIView+Extension.swift in Sources */ = {isa = PBXBuildFile; fileRef = 64D5F4792387DA2F00204B7E /* UIView+Extension.swift */; };
		64D5F4832387DA4300204B7E /* DYConst.swift in Sources */ = {isa = PBXBuildFile; fileRef = 64D5F4822387DA4300204B7E /* DYConst.swift */; };
		64D5F4AB238BA93100204B7E /* Launch Screen.storyboard in Resources */ = {isa = PBXBuildFile; fileRef = 64D5F4AA238BA93100204B7E /* Launch Screen.storyboard */; };
		64D5F4B5238BE9DC00204B7E /* WSNetworkProvider.swift in Sources */ = {isa = PBXBuildFile; fileRef = 64D5F4B4238BE9DC00204B7E /* WSNetworkProvider.swift */; };
		64D5F4B7238CC18900204B7E /* API.swift in Sources */ = {isa = PBXBuildFile; fileRef = 64D5F4B6238CC18900204B7E /* API.swift */; };
		64D5F4B9238CC71F00204B7E /* HomeAPI.swift in Sources */ = {isa = PBXBuildFile; fileRef = 64D5F4B8238CC71F00204B7E /* HomeAPI.swift */; };
		64D5F4BB238CC73400204B7E /* VolcanoAPI.swift in Sources */ = {isa = PBXBuildFile; fileRef = 64D5F4BA238CC73400204B7E /* VolcanoAPI.swift */; };
		64D5F4BD238CC75000204B7E /* VideoAPI.swift in Sources */ = {isa = PBXBuildFile; fileRef = 64D5F4BC238CC75000204B7E /* VideoAPI.swift */; };
		64D5F4BF238CC76000204B7E /* MineAPI.swift in Sources */ = {isa = PBXBuildFile; fileRef = 64D5F4BE238CC76000204B7E /* MineAPI.swift */; };
		64D5F4C1238CC77400204B7E /* CommonAPI.swift in Sources */ = {isa = PBXBuildFile; fileRef = 64D5F4C0238CC77400204B7E /* CommonAPI.swift */; };
		64D5F4C4238E53BA00204B7E /* MineTitleCell.swift in Sources */ = {isa = PBXBuildFile; fileRef = 64D5F4C2238E53BA00204B7E /* MineTitleCell.swift */; };
		64D5F4C5238E53BA00204B7E /* MineTitleCell.xib in Resources */ = {isa = PBXBuildFile; fileRef = 64D5F4C3238E53BA00204B7E /* MineTitleCell.xib */; };
		64D5F4C8238E542700204B7E /* MainListCell.swift in Sources */ = {isa = PBXBuildFile; fileRef = 64D5F4C6238E542700204B7E /* MainListCell.swift */; };
		64D5F4CB238E72CA00204B7E /* MineHeaderView.swift in Sources */ = {isa = PBXBuildFile; fileRef = 64D5F4CA238E72CA00204B7E /* MineHeaderView.swift */; };
		64D5F4CD238FC14C00204B7E /* MineListCellModel.swift in Sources */ = {isa = PBXBuildFile; fileRef = 64D5F4CC238FC14C00204B7E /* MineListCellModel.swift */; };
		64D5F4D32391223200204B7E /* MineItemCell.swift in Sources */ = {isa = PBXBuildFile; fileRef = 64D5F4D22391223200204B7E /* MineItemCell.swift */; };
		64D5F4D52391224A00204B7E /* MineItemCell.xib in Resources */ = {isa = PBXBuildFile; fileRef = 64D5F4D42391224A00204B7E /* MineItemCell.xib */; };
/* End PBXBuildFile section */

/* Begin PBXFileReference section */
		646540122387CCDF0094302B /* TabBarController.swift */ = {isa = PBXFileReference; lastKnownFileType = sourcecode.swift; path = TabBarController.swift; sourceTree = "<group>"; };
		646540142387CD930094302B /* NavigationController.swift */ = {isa = PBXFileReference; lastKnownFileType = sourcecode.swift; path = NavigationController.swift; sourceTree = "<group>"; };
		646540162387CDC90094302B /* HomeViewController.swift */ = {isa = PBXFileReference; lastKnownFileType = sourcecode.swift; path = HomeViewController.swift; sourceTree = "<group>"; };
		646540182387CE820094302B /* VideoViewController.swift */ = {isa = PBXFileReference; lastKnownFileType = sourcecode.swift; path = VideoViewController.swift; sourceTree = "<group>"; };
		6465401A2387CE9D0094302B /* VolcanoViewController.swift */ = {isa = PBXFileReference; lastKnownFileType = sourcecode.swift; path = VolcanoViewController.swift; sourceTree = "<group>"; };
		6465401C2387CEC20094302B /* MineViewController.swift */ = {isa = PBXFileReference; lastKnownFileType = sourcecode.swift; path = MineViewController.swift; sourceTree = "<group>"; };
		648C83BE237E4EF600CC7620 /* TodayHeadline.app */ = {isa = PBXFileReference; explicitFileType = wrapper.application; includeInIndex = 0; path = TodayHeadline.app; sourceTree = BUILT_PRODUCTS_DIR; };
		648C83CD237E4EF700CC7620 /* Info.plist */ = {isa = PBXFileReference; lastKnownFileType = text.plist.xml; path = Info.plist; sourceTree = "<group>"; };
		648C83D4237E56FF00CC7620 /* Assets.xcassets */ = {isa = PBXFileReference; lastKnownFileType = folder.assetcatalog; path = Assets.xcassets; sourceTree = "<group>"; };
		648C83E6237E56FF00CC7620 /* AppDelegate.swift */ = {isa = PBXFileReference; fileEncoding = 4; lastKnownFileType = sourcecode.swift; path = AppDelegate.swift; sourceTree = "<group>"; };
		64D5F4742387DA2F00204B7E /* UIBarButtonItem+Extension.swift */ = {isa = PBXFileReference; fileEncoding = 4; lastKnownFileType = sourcecode.swift; path = "UIBarButtonItem+Extension.swift"; sourceTree = "<group>"; };
		64D5F4752387DA2F00204B7E /* UIImageView+Extension.swift */ = {isa = PBXFileReference; fileEncoding = 4; lastKnownFileType = sourcecode.swift; path = "UIImageView+Extension.swift"; sourceTree = "<group>"; };
		64D5F4762387DA2F00204B7E /* UIImage+Extension.swift */ = {isa = PBXFileReference; fileEncoding = 4; lastKnownFileType = sourcecode.swift; path = "UIImage+Extension.swift"; sourceTree = "<group>"; };
		64D5F4782387DA2F00204B7E /* UIColor+Extension.swift */ = {isa = PBXFileReference; fileEncoding = 4; lastKnownFileType = sourcecode.swift; path = "UIColor+Extension.swift"; sourceTree = "<group>"; };
		64D5F4792387DA2F00204B7E /* UIView+Extension.swift */ = {isa = PBXFileReference; fileEncoding = 4; lastKnownFileType = sourcecode.swift; path = "UIView+Extension.swift"; sourceTree = "<group>"; };
		64D5F4822387DA4300204B7E /* DYConst.swift */ = {isa = PBXFileReference; fileEncoding = 4; lastKnownFileType = sourcecode.swift; path = DYConst.swift; sourceTree = "<group>"; };
		64D5F4AA238BA93100204B7E /* Launch Screen.storyboard */ = {isa = PBXFileReference; lastKnownFileType = file.storyboard; path = "Launch Screen.storyboard"; sourceTree = "<group>"; };
		64D5F4B4238BE9DC00204B7E /* WSNetworkProvider.swift */ = {isa = PBXFileReference; lastKnownFileType = sourcecode.swift; path = WSNetworkProvider.swift; sourceTree = "<group>"; };
		64D5F4B6238CC18900204B7E /* API.swift */ = {isa = PBXFileReference; lastKnownFileType = sourcecode.swift; path = API.swift; sourceTree = "<group>"; };
		64D5F4B8238CC71F00204B7E /* HomeAPI.swift */ = {isa = PBXFileReference; lastKnownFileType = sourcecode.swift; path = HomeAPI.swift; sourceTree = "<group>"; };
		64D5F4BA238CC73400204B7E /* VolcanoAPI.swift */ = {isa = PBXFileReference; lastKnownFileType = sourcecode.swift; path = VolcanoAPI.swift; sourceTree = "<group>"; };
		64D5F4BC238CC75000204B7E /* VideoAPI.swift */ = {isa = PBXFileReference; lastKnownFileType = sourcecode.swift; path = VideoAPI.swift; sourceTree = "<group>"; };
		64D5F4BE238CC76000204B7E /* MineAPI.swift */ = {isa = PBXFileReference; lastKnownFileType = sourcecode.swift; path = MineAPI.swift; sourceTree = "<group>"; };
		64D5F4C0238CC77400204B7E /* CommonAPI.swift */ = {isa = PBXFileReference; lastKnownFileType = sourcecode.swift; path = CommonAPI.swift; sourceTree = "<group>"; };
		64D5F4C2238E53BA00204B7E /* MineTitleCell.swift */ = {isa = PBXFileReference; lastKnownFileType = sourcecode.swift; path = MineTitleCell.swift; sourceTree = "<group>"; };
		64D5F4C3238E53BA00204B7E /* MineTitleCell.xib */ = {isa = PBXFileReference; lastKnownFileType = file.xib; path = MineTitleCell.xib; sourceTree = "<group>"; };
		64D5F4C6238E542700204B7E /* MainListCell.swift */ = {isa = PBXFileReference; lastKnownFileType = sourcecode.swift; path = MainListCell.swift; sourceTree = "<group>"; };
		64D5F4CA238E72CA00204B7E /* MineHeaderView.swift */ = {isa = PBXFileReference; lastKnownFileType = sourcecode.swift; path = MineHeaderView.swift; sourceTree = "<group>"; };
		64D5F4CC238FC14C00204B7E /* MineListCellModel.swift */ = {isa = PBXFileReference; lastKnownFileType = sourcecode.swift; path = MineListCellModel.swift; sourceTree = "<group>"; };
		64D5F4D22391223200204B7E /* MineItemCell.swift */ = {isa = PBXFileReference; lastKnownFileType = sourcecode.swift; path = MineItemCell.swift; sourceTree = "<group>"; };
		64D5F4D42391224A00204B7E /* MineItemCell.xib */ = {isa = PBXFileReference; lastKnownFileType = file.xib; path = MineItemCell.xib; sourceTree = "<group>"; };
		83EC866737B8B048CE717FF3 /* Pods_TodayHeadline.framework */ = {isa = PBXFileReference; explicitFileType = wrapper.framework; includeInIndex = 0; path = Pods_TodayHeadline.framework; sourceTree = BUILT_PRODUCTS_DIR; };
		A1EB17B9ECD3A9355F48278B /* Pods-TodayHeadline.debug.xcconfig */ = {isa = PBXFileReference; includeInIndex = 1; lastKnownFileType = text.xcconfig; name = "Pods-TodayHeadline.debug.xcconfig"; path = "Pods/Target Support Files/Pods-TodayHeadline/Pods-TodayHeadline.debug.xcconfig"; sourceTree = "<group>"; };
		BA8A789A8EC9B6991C7F5D4A /* Pods-TodayHeadline.release.xcconfig */ = {isa = PBXFileReference; includeInIndex = 1; lastKnownFileType = text.xcconfig; name = "Pods-TodayHeadline.release.xcconfig"; path = "Pods/Target Support Files/Pods-TodayHeadline/Pods-TodayHeadline.release.xcconfig"; sourceTree = "<group>"; };
/* End PBXFileReference section */

/* Begin PBXFrameworksBuildPhase section */
		648C83BB237E4EF600CC7620 /* Frameworks */ = {
			isa = PBXFrameworksBuildPhase;
			buildActionMask = 2147483647;
			files = (
				1295993AA07EB8B9DD1390AB /* Pods_TodayHeadline.framework in Frameworks */,
			);
			runOnlyForDeploymentPostprocessing = 0;
		};
/* End PBXFrameworksBuildPhase section */

/* Begin PBXGroup section */
		648C83B5237E4EF600CC7620 = {
			isa = PBXGroup;
			children = (
				648C83C0237E4EF600CC7620 /* TodayHeadline */,
				648C83BF237E4EF600CC7620 /* Products */,
				F3D524C66C6392D72E389C37 /* Pods */,
				6642482FBABEDE6444E7B110 /* Frameworks */,
			);
			sourceTree = "<group>";
		};
		648C83BF237E4EF600CC7620 /* Products */ = {
			isa = PBXGroup;
			children = (
				648C83BE237E4EF600CC7620 /* TodayHeadline.app */,
			);
			name = Products;
			sourceTree = "<group>";
		};
		648C83C0237E4EF600CC7620 /* TodayHeadline */ = {
			isa = PBXGroup;
			children = (
				648C83D5237E56FF00CC7620 /* Classes */,
				648C83D3237E56FF00CC7620 /* Resourses */,
				648C83CD237E4EF700CC7620 /* Info.plist */,
			);
			path = TodayHeadline;
			sourceTree = "<group>";
		};
		648C83D3237E56FF00CC7620 /* Resourses */ = {
			isa = PBXGroup;
			children = (
				648C83D4237E56FF00CC7620 /* Assets.xcassets */,
			);
			path = Resourses;
			sourceTree = "<group>";
		};
		648C83D5237E56FF00CC7620 /* Classes */ = {
			isa = PBXGroup;
			children = (
				648C83E6237E56FF00CC7620 /* AppDelegate.swift */,
				648C83E7237E56FF00CC7620 /* Main */,
				648C83D6237E56FF00CC7620 /* Home */,
				648C83EB237E56FF00CC7620 /* Volcano */,
				648C83DA237E56FF00CC7620 /* Video */,
				648C83E2237E56FF00CC7620 /* Mine */,
				648C83DE237E56FF00CC7620 /* Public */,
			);
			path = Classes;
			sourceTree = "<group>";
		};
		648C83D6237E56FF00CC7620 /* Home */ = {
			isa = PBXGroup;
			children = (
				648C83D7237E56FF00CC7620 /* Controller */,
				648C83D8237E56FF00CC7620 /* Model */,
				648C83D9237E56FF00CC7620 /* View */,
			);
			path = Home;
			sourceTree = "<group>";
		};
		648C83D7237E56FF00CC7620 /* Controller */ = {
			isa = PBXGroup;
			children = (
				646540162387CDC90094302B /* HomeViewController.swift */,
			);
			path = Controller;
			sourceTree = "<group>";
		};
		648C83D8237E56FF00CC7620 /* Model */ = {
			isa = PBXGroup;
			children = (
			);
			path = Model;
			sourceTree = "<group>";
		};
		648C83D9237E56FF00CC7620 /* View */ = {
			isa = PBXGroup;
			children = (
			);
			path = View;
			sourceTree = "<group>";
		};
		648C83DA237E56FF00CC7620 /* Video */ = {
			isa = PBXGroup;
			children = (
				648C83DB237E56FF00CC7620 /* Controller */,
				648C83DC237E56FF00CC7620 /* Model */,
				648C83DD237E56FF00CC7620 /* View */,
			);
			path = Video;
			sourceTree = "<group>";
		};
		648C83DB237E56FF00CC7620 /* Controller */ = {
			isa = PBXGroup;
			children = (
				646540182387CE820094302B /* VideoViewController.swift */,
			);
			path = Controller;
			sourceTree = "<group>";
		};
		648C83DC237E56FF00CC7620 /* Model */ = {
			isa = PBXGroup;
			children = (
			);
			path = Model;
			sourceTree = "<group>";
		};
		648C83DD237E56FF00CC7620 /* View */ = {
			isa = PBXGroup;
			children = (
			);
			path = View;
			sourceTree = "<group>";
		};
		648C83DE237E56FF00CC7620 /* Public */ = {
			isa = PBXGroup;
			children = (
				64D5F4AE238BE5D700204B7E /* Network */,
				648C83DF237E56FF00CC7620 /* Tools */,
				648C83E0237E56FF00CC7620 /* Extensions */,
				648C83E1237E56FF00CC7620 /* Const */,
			);
			path = Public;
			sourceTree = "<group>";
		};
		648C83DF237E56FF00CC7620 /* Tools */ = {
			isa = PBXGroup;
			children = (
			);
			path = Tools;
			sourceTree = "<group>";
		};
		648C83E0237E56FF00CC7620 /* Extensions */ = {
			isa = PBXGroup;
			children = (
				64D5F4742387DA2F00204B7E /* UIBarButtonItem+Extension.swift */,
				64D5F4782387DA2F00204B7E /* UIColor+Extension.swift */,
				64D5F4762387DA2F00204B7E /* UIImage+Extension.swift */,
				64D5F4752387DA2F00204B7E /* UIImageView+Extension.swift */,
				64D5F4792387DA2F00204B7E /* UIView+Extension.swift */,
			);
			path = Extensions;
			sourceTree = "<group>";
		};
		648C83E1237E56FF00CC7620 /* Const */ = {
			isa = PBXGroup;
			children = (
				64D5F4822387DA4300204B7E /* DYConst.swift */,
			);
			path = Const;
			sourceTree = "<group>";
		};
		648C83E2237E56FF00CC7620 /* Mine */ = {
			isa = PBXGroup;
			children = (
				648C83E3237E56FF00CC7620 /* Controller */,
				648C83E4237E56FF00CC7620 /* Model */,
				648C83E5237E56FF00CC7620 /* View */,
			);
			path = Mine;
			sourceTree = "<group>";
		};
		648C83E3237E56FF00CC7620 /* Controller */ = {
			isa = PBXGroup;
			children = (
				6465401C2387CEC20094302B /* MineViewController.swift */,
			);
			path = Controller;
			sourceTree = "<group>";
		};
		648C83E4237E56FF00CC7620 /* Model */ = {
			isa = PBXGroup;
			children = (
				64D5F4CC238FC14C00204B7E /* MineListCellModel.swift */,
			);
			path = Model;
			sourceTree = "<group>";
		};
		648C83E5237E56FF00CC7620 /* View */ = {
			isa = PBXGroup;
			children = (
				64D5F4CA238E72CA00204B7E /* MineHeaderView.swift */,
				64D5F4C2238E53BA00204B7E /* MineTitleCell.swift */,
				64D5F4C3238E53BA00204B7E /* MineTitleCell.xib */,
				64D5F4C6238E542700204B7E /* MainListCell.swift */,
				64D5F4D22391223200204B7E /* MineItemCell.swift */,
				64D5F4D42391224A00204B7E /* MineItemCell.xib */,
			);
			path = View;
			sourceTree = "<group>";
		};
		648C83E7237E56FF00CC7620 /* Main */ = {
			isa = PBXGroup;
			children = (
				648C83E8237E56FF00CC7620 /* Controller */,
				648C83E9237E56FF00CC7620 /* Model */,
				648C83EA237E56FF00CC7620 /* View */,
			);
			path = Main;
			sourceTree = "<group>";
		};
		648C83E8237E56FF00CC7620 /* Controller */ = {
			isa = PBXGroup;
			children = (
				64D5F4AA238BA93100204B7E /* Launch Screen.storyboard */,
				646540122387CCDF0094302B /* TabBarController.swift */,
				646540142387CD930094302B /* NavigationController.swift */,
			);
			path = Controller;
			sourceTree = "<group>";
		};
		648C83E9237E56FF00CC7620 /* Model */ = {
			isa = PBXGroup;
			children = (
			);
			path = Model;
			sourceTree = "<group>";
		};
		648C83EA237E56FF00CC7620 /* View */ = {
			isa = PBXGroup;
			children = (
			);
			path = View;
			sourceTree = "<group>";
		};
		648C83EB237E56FF00CC7620 /* Volcano */ = {
			isa = PBXGroup;
			children = (
				648C83EC237E56FF00CC7620 /* Controller */,
				648C83ED237E56FF00CC7620 /* Model */,
				648C83EE237E56FF00CC7620 /* View */,
			);
			path = Volcano;
			sourceTree = "<group>";
		};
		648C83EC237E56FF00CC7620 /* Controller */ = {
			isa = PBXGroup;
			children = (
				6465401A2387CE9D0094302B /* VolcanoViewController.swift */,
			);
			path = Controller;
			sourceTree = "<group>";
		};
		648C83ED237E56FF00CC7620 /* Model */ = {
			isa = PBXGroup;
			children = (
			);
			path = Model;
			sourceTree = "<group>";
		};
		648C83EE237E56FF00CC7620 /* View */ = {
			isa = PBXGroup;
			children = (
			);
			path = View;
			sourceTree = "<group>";
		};
		64D5F4AE238BE5D700204B7E /* Network */ = {
			isa = PBXGroup;
			children = (
				64D5F4B4238BE9DC00204B7E /* WSNetworkProvider.swift */,
				64D5F4B6238CC18900204B7E /* API.swift */,
				64D5F4B3238BE70800204B7E /* Common */,
				64D5F4AF238BE6A000204B7E /* Home */,
				64D5F4B0238BE6AA00204B7E /* Volcano */,
				64D5F4B1238BE6CD00204B7E /* Video */,
				64D5F4B2238BE6DC00204B7E /* Mine */,
			);
			path = Network;
			sourceTree = "<group>";
		};
		64D5F4AF238BE6A000204B7E /* Home */ = {
			isa = PBXGroup;
			children = (
				64D5F4B8238CC71F00204B7E /* HomeAPI.swift */,
			);
			path = Home;
			sourceTree = "<group>";
		};
		64D5F4B0238BE6AA00204B7E /* Volcano */ = {
			isa = PBXGroup;
			children = (
				64D5F4BA238CC73400204B7E /* VolcanoAPI.swift */,
			);
			path = Volcano;
			sourceTree = "<group>";
		};
		64D5F4B1238BE6CD00204B7E /* Video */ = {
			isa = PBXGroup;
			children = (
				64D5F4BC238CC75000204B7E /* VideoAPI.swift */,
			);
			path = Video;
			sourceTree = "<group>";
		};
		64D5F4B2238BE6DC00204B7E /* Mine */ = {
			isa = PBXGroup;
			children = (
				64D5F4BE238CC76000204B7E /* MineAPI.swift */,
			);
			path = Mine;
			sourceTree = "<group>";
		};
		64D5F4B3238BE70800204B7E /* Common */ = {
			isa = PBXGroup;
			children = (
				64D5F4C0238CC77400204B7E /* CommonAPI.swift */,
			);
			path = Common;
			sourceTree = "<group>";
		};
		6642482FBABEDE6444E7B110 /* Frameworks */ = {
			isa = PBXGroup;
			children = (
				83EC866737B8B048CE717FF3 /* Pods_TodayHeadline.framework */,
			);
			name = Frameworks;
			sourceTree = "<group>";
		};
		F3D524C66C6392D72E389C37 /* Pods */ = {
			isa = PBXGroup;
			children = (
				A1EB17B9ECD3A9355F48278B /* Pods-TodayHeadline.debug.xcconfig */,
				BA8A789A8EC9B6991C7F5D4A /* Pods-TodayHeadline.release.xcconfig */,
			);
			name = Pods;
			sourceTree = "<group>";
		};
/* End PBXGroup section */

/* Begin PBXNativeTarget section */
		648C83BD237E4EF600CC7620 /* TodayHeadline */ = {
			isa = PBXNativeTarget;
			buildConfigurationList = 648C83D0237E4EF700CC7620 /* Build configuration list for PBXNativeTarget "TodayHeadline" */;
			buildPhases = (
				0F8EB683970454031E96A8EB /* [CP] Check Pods Manifest.lock */,
				648C83BA237E4EF600CC7620 /* Sources */,
				648C83BB237E4EF600CC7620 /* Frameworks */,
				648C83BC237E4EF600CC7620 /* Resources */,
				F8EA954A7D863E27775252E1 /* [CP] Embed Pods Frameworks */,
			);
			buildRules = (
			);
			dependencies = (
			);
			name = TodayHeadline;
			productName = TodayHeadline;
			productReference = 648C83BE237E4EF600CC7620 /* TodayHeadline.app */;
			productType = "com.apple.product-type.application";
		};
/* End PBXNativeTarget section */

/* Begin PBXProject section */
		648C83B6237E4EF600CC7620 /* Project object */ = {
			isa = PBXProject;
			attributes = {
				LastSwiftUpdateCheck = 1010;
				LastUpgradeCheck = 1010;
				ORGANIZATIONNAME = StevenWu;
				TargetAttributes = {
					648C83BD237E4EF600CC7620 = {
						CreatedOnToolsVersion = 10.1;
						LastSwiftMigration = 1120;
					};
				};
			};
			buildConfigurationList = 648C83B9237E4EF600CC7620 /* Build configuration list for PBXProject "TodayHeadline" */;
			compatibilityVersion = "Xcode 9.3";
			developmentRegion = en;
			hasScannedForEncodings = 0;
			knownRegions = (
				en,
				Base,
			);
			mainGroup = 648C83B5237E4EF600CC7620;
			productRefGroup = 648C83BF237E4EF600CC7620 /* Products */;
			projectDirPath = "";
			projectRoot = "";
			targets = (
				648C83BD237E4EF600CC7620 /* TodayHeadline */,
			);
		};
/* End PBXProject section */

/* Begin PBXResourcesBuildPhase section */
		648C83BC237E4EF600CC7620 /* Resources */ = {
			isa = PBXResourcesBuildPhase;
			buildActionMask = 2147483647;
			files = (
				64D5F4AB238BA93100204B7E /* Launch Screen.storyboard in Resources */,
				64D5F4C5238E53BA00204B7E /* MineTitleCell.xib in Resources */,
				64D5F4D52391224A00204B7E /* MineItemCell.xib in Resources */,
				648C83EF237E56FF00CC7620 /* Assets.xcassets in Resources */,
			);
			runOnlyForDeploymentPostprocessing = 0;
		};
/* End PBXResourcesBuildPhase section */

/* Begin PBXShellScriptBuildPhase section */
		0F8EB683970454031E96A8EB /* [CP] Check Pods Manifest.lock */ = {
			isa = PBXShellScriptBuildPhase;
			buildActionMask = 2147483647;
			files = (
			);
			inputFileListPaths = (
			);
			inputPaths = (
				"${PODS_PODFILE_DIR_PATH}/Podfile.lock",
				"${PODS_ROOT}/Manifest.lock",
			);
			name = "[CP] Check Pods Manifest.lock";
			outputFileListPaths = (
			);
			outputPaths = (
				"$(DERIVED_FILE_DIR)/Pods-TodayHeadline-checkManifestLockResult.txt",
			);
			runOnlyForDeploymentPostprocessing = 0;
			shellPath = /bin/sh;
			shellScript = "diff \"${PODS_PODFILE_DIR_PATH}/Podfile.lock\" \"${PODS_ROOT}/Manifest.lock\" > /dev/null\nif [ $? != 0 ] ; then\n    # print error to STDERR\n    echo \"error: The sandbox is not in sync with the Podfile.lock. Run 'pod install' or update your CocoaPods installation.\" >&2\n    exit 1\nfi\n# This output is used by Xcode 'outputs' to avoid re-running this script phase.\necho \"SUCCESS\" > \"${SCRIPT_OUTPUT_FILE_0}\"\n";
			showEnvVarsInLog = 0;
		};
		F8EA954A7D863E27775252E1 /* [CP] Embed Pods Frameworks */ = {
			isa = PBXShellScriptBuildPhase;
			buildActionMask = 2147483647;
			files = (
			);
			inputFileListPaths = (
				"${PODS_ROOT}/Target Support Files/Pods-TodayHeadline/Pods-TodayHeadline-frameworks-${CONFIGURATION}-input-files.xcfilelist",
			);
			name = "[CP] Embed Pods Frameworks";
			outputFileListPaths = (
				"${PODS_ROOT}/Target Support Files/Pods-TodayHeadline/Pods-TodayHeadline-frameworks-${CONFIGURATION}-output-files.xcfilelist",
			);
			runOnlyForDeploymentPostprocessing = 0;
			shellPath = /bin/sh;
			shellScript = "\"${PODS_ROOT}/Target Support Files/Pods-TodayHeadline/Pods-TodayHeadline-frameworks.sh\"\n";
			showEnvVarsInLog = 0;
		};
/* End PBXShellScriptBuildPhase section */

/* Begin PBXSourcesBuildPhase section */
		648C83BA237E4EF600CC7620 /* Sources */ = {
			isa = PBXSourcesBuildPhase;
			buildActionMask = 2147483647;
			files = (
				64D5F4802387DA2F00204B7E /* UIView+Extension.swift in Sources */,
				64D5F4C1238CC77400204B7E /* CommonAPI.swift in Sources */,
				64D5F47B2387DA2F00204B7E /* UIBarButtonItem+Extension.swift in Sources */,
				646540172387CDC90094302B /* HomeViewController.swift in Sources */,
				64D5F4C8238E542700204B7E /* MainListCell.swift in Sources */,
				64D5F47F2387DA2F00204B7E /* UIColor+Extension.swift in Sources */,
				64D5F4B7238CC18900204B7E /* API.swift in Sources */,
				648C83F0237E56FF00CC7620 /* AppDelegate.swift in Sources */,
				64D5F47C2387DA2F00204B7E /* UIImageView+Extension.swift in Sources */,
				646540192387CE820094302B /* VideoViewController.swift in Sources */,
				64D5F4BB238CC73400204B7E /* VolcanoAPI.swift in Sources */,
				6465401D2387CEC20094302B /* MineViewController.swift in Sources */,
				64D5F4832387DA4300204B7E /* DYConst.swift in Sources */,
				64D5F4CD238FC14C00204B7E /* MineListCellModel.swift in Sources */,
				64D5F4B5238BE9DC00204B7E /* WSNetworkProvider.swift in Sources */,
				64D5F4BD238CC75000204B7E /* VideoAPI.swift in Sources */,
				64D5F4CB238E72CA00204B7E /* MineHeaderView.swift in Sources */,
				64D5F4B9238CC71F00204B7E /* HomeAPI.swift in Sources */,
				646540152387CD930094302B /* NavigationController.swift in Sources */,
				64D5F4C4238E53BA00204B7E /* MineTitleCell.swift in Sources */,
				64D5F47D2387DA2F00204B7E /* UIImage+Extension.swift in Sources */,
				646540132387CCDF0094302B /* TabBarController.swift in Sources */,
				64D5F4BF238CC76000204B7E /* MineAPI.swift in Sources */,
				6465401B2387CE9D0094302B /* VolcanoViewController.swift in Sources */,
				64D5F4D32391223200204B7E /* MineItemCell.swift in Sources */,
			);
			runOnlyForDeploymentPostprocessing = 0;
		};
/* End PBXSourcesBuildPhase section */

/* Begin XCBuildConfiguration section */
		648C83CE237E4EF700CC7620 /* Debug */ = {
			isa = XCBuildConfiguration;
			buildSettings = {
				ALWAYS_SEARCH_USER_PATHS = NO;
				CLANG_ANALYZER_NONNULL = YES;
				CLANG_ANALYZER_NUMBER_OBJECT_CONVERSION = YES_AGGRESSIVE;
				CLANG_CXX_LANGUAGE_STANDARD = "gnu++14";
				CLANG_CXX_LIBRARY = "libc++";
				CLANG_ENABLE_MODULES = YES;
				CLANG_ENABLE_OBJC_ARC = YES;
				CLANG_ENABLE_OBJC_WEAK = YES;
				CLANG_WARN_BLOCK_CAPTURE_AUTORELEASING = YES;
				CLANG_WARN_BOOL_CONVERSION = YES;
				CLANG_WARN_COMMA = YES;
				CLANG_WARN_CONSTANT_CONVERSION = YES;
				CLANG_WARN_DEPRECATED_OBJC_IMPLEMENTATIONS = YES;
				CLANG_WARN_DIRECT_OBJC_ISA_USAGE = YES_ERROR;
				CLANG_WARN_DOCUMENTATION_COMMENTS = YES;
				CLANG_WARN_EMPTY_BODY = YES;
				CLANG_WARN_ENUM_CONVERSION = YES;
				CLANG_WARN_INFINITE_RECURSION = YES;
				CLANG_WARN_INT_CONVERSION = YES;
				CLANG_WARN_NON_LITERAL_NULL_CONVERSION = YES;
				CLANG_WARN_OBJC_IMPLICIT_RETAIN_SELF = YES;
				CLANG_WARN_OBJC_LITERAL_CONVERSION = YES;
				CLANG_WARN_OBJC_ROOT_CLASS = YES_ERROR;
				CLANG_WARN_RANGE_LOOP_ANALYSIS = YES;
				CLANG_WARN_STRICT_PROTOTYPES = YES;
				CLANG_WARN_SUSPICIOUS_MOVE = YES;
				CLANG_WARN_UNGUARDED_AVAILABILITY = YES_AGGRESSIVE;
				CLANG_WARN_UNREACHABLE_CODE = YES;
				CLANG_WARN__DUPLICATE_METHOD_MATCH = YES;
				CODE_SIGN_IDENTITY = "iPhone Developer";
				COPY_PHASE_STRIP = NO;
				DEBUG_INFORMATION_FORMAT = dwarf;
				ENABLE_STRICT_OBJC_MSGSEND = YES;
				ENABLE_TESTABILITY = YES;
				GCC_C_LANGUAGE_STANDARD = gnu11;
				GCC_DYNAMIC_NO_PIC = NO;
				GCC_NO_COMMON_BLOCKS = YES;
				GCC_OPTIMIZATION_LEVEL = 0;
				GCC_PREPROCESSOR_DEFINITIONS = (
					"DEBUG=1",
					"$(inherited)",
				);
				GCC_WARN_64_TO_32_BIT_CONVERSION = YES;
				GCC_WARN_ABOUT_RETURN_TYPE = YES_ERROR;
				GCC_WARN_UNDECLARED_SELECTOR = YES;
				GCC_WARN_UNINITIALIZED_AUTOS = YES_AGGRESSIVE;
				GCC_WARN_UNUSED_FUNCTION = YES;
				GCC_WARN_UNUSED_VARIABLE = YES;
				IPHONEOS_DEPLOYMENT_TARGET = 12.1;
				MTL_ENABLE_DEBUG_INFO = INCLUDE_SOURCE;
				MTL_FAST_MATH = YES;
				ONLY_ACTIVE_ARCH = YES;
				SDKROOT = iphoneos;
				SWIFT_ACTIVE_COMPILATION_CONDITIONS = DEBUG;
				SWIFT_OPTIMIZATION_LEVEL = "-Onone";
			};
			name = Debug;
		};
		648C83CF237E4EF700CC7620 /* Release */ = {
			isa = XCBuildConfiguration;
			buildSettings = {
				ALWAYS_SEARCH_USER_PATHS = NO;
				CLANG_ANALYZER_NONNULL = YES;
				CLANG_ANALYZER_NUMBER_OBJECT_CONVERSION = YES_AGGRESSIVE;
				CLANG_CXX_LANGUAGE_STANDARD = "gnu++14";
				CLANG_CXX_LIBRARY = "libc++";
				CLANG_ENABLE_MODULES = YES;
				CLANG_ENABLE_OBJC_ARC = YES;
				CLANG_ENABLE_OBJC_WEAK = YES;
				CLANG_WARN_BLOCK_CAPTURE_AUTORELEASING = YES;
				CLANG_WARN_BOOL_CONVERSION = YES;
				CLANG_WARN_COMMA = YES;
				CLANG_WARN_CONSTANT_CONVERSION = YES;
				CLANG_WARN_DEPRECATED_OBJC_IMPLEMENTATIONS = YES;
				CLANG_WARN_DIRECT_OBJC_ISA_USAGE = YES_ERROR;
				CLANG_WARN_DOCUMENTATION_COMMENTS = YES;
				CLANG_WARN_EMPTY_BODY = YES;
				CLANG_WARN_ENUM_CONVERSION = YES;
				CLANG_WARN_INFINITE_RECURSION = YES;
				CLANG_WARN_INT_CONVERSION = YES;
				CLANG_WARN_NON_LITERAL_NULL_CONVERSION = YES;
				CLANG_WARN_OBJC_IMPLICIT_RETAIN_SELF = YES;
				CLANG_WARN_OBJC_LITERAL_CONVERSION = YES;
				CLANG_WARN_OBJC_ROOT_CLASS = YES_ERROR;
				CLANG_WARN_RANGE_LOOP_ANALYSIS = YES;
				CLANG_WARN_STRICT_PROTOTYPES = YES;
				CLANG_WARN_SUSPICIOUS_MOVE = YES;
				CLANG_WARN_UNGUARDED_AVAILABILITY = YES_AGGRESSIVE;
				CLANG_WARN_UNREACHABLE_CODE = YES;
				CLANG_WARN__DUPLICATE_METHOD_MATCH = YES;
				CODE_SIGN_IDENTITY = "iPhone Developer";
				COPY_PHASE_STRIP = NO;
				DEBUG_INFORMATION_FORMAT = "dwarf-with-dsym";
				ENABLE_NS_ASSERTIONS = NO;
				ENABLE_STRICT_OBJC_MSGSEND = YES;
				GCC_C_LANGUAGE_STANDARD = gnu11;
				GCC_NO_COMMON_BLOCKS = YES;
				GCC_WARN_64_TO_32_BIT_CONVERSION = YES;
				GCC_WARN_ABOUT_RETURN_TYPE = YES_ERROR;
				GCC_WARN_UNDECLARED_SELECTOR = YES;
				GCC_WARN_UNINITIALIZED_AUTOS = YES_AGGRESSIVE;
				GCC_WARN_UNUSED_FUNCTION = YES;
				GCC_WARN_UNUSED_VARIABLE = YES;
				IPHONEOS_DEPLOYMENT_TARGET = 12.1;
				MTL_ENABLE_DEBUG_INFO = NO;
				MTL_FAST_MATH = YES;
				SDKROOT = iphoneos;
				SWIFT_COMPILATION_MODE = wholemodule;
				SWIFT_OPTIMIZATION_LEVEL = "-O";
				VALIDATE_PRODUCT = YES;
			};
			name = Release;
		};
		648C83D1237E4EF700CC7620 /* Debug */ = {
			isa = XCBuildConfiguration;
			baseConfigurationReference = A1EB17B9ECD3A9355F48278B /* Pods-TodayHeadline.debug.xcconfig */;
			buildSettings = {
				ASSETCATALOG_COMPILER_APPICON_NAME = AppIcon;
				ASSETCATALOG_COMPILER_LAUNCHIMAGE_NAME = "";
				CODE_SIGN_STYLE = Automatic;
				DEVELOPMENT_TEAM = 9L3FDUEJBD;
				INFOPLIST_FILE = TodayHeadline/Info.plist;
				LD_RUNPATH_SEARCH_PATHS = (
					"$(inherited)",
					"@executable_path/Frameworks",
				);
				PRODUCT_BUNDLE_IDENTIFIER = com.pingan.china.TodayHeadline;
				PRODUCT_NAME = "$(TARGET_NAME)";
				SWIFT_VERSION = 5.0;
				TARGETED_DEVICE_FAMILY = 1;
			};
			name = Debug;
		};
		648C83D2237E4EF700CC7620 /* Release */ = {
			isa = XCBuildConfiguration;
			baseConfigurationReference = BA8A789A8EC9B6991C7F5D4A /* Pods-TodayHeadline.release.xcconfig */;
			buildSettings = {
				ASSETCATALOG_COMPILER_APPICON_NAME = AppIcon;
				ASSETCATALOG_COMPILER_LAUNCHIMAGE_NAME = "";
				CODE_SIGN_STYLE = Automatic;
				DEVELOPMENT_TEAM = 9L3FDUEJBD;
				INFOPLIST_FILE = TodayHeadline/Info.plist;
				LD_RUNPATH_SEARCH_PATHS = (
					"$(inherited)",
					"@executable_path/Frameworks",
				);
				PRODUCT_BUNDLE_IDENTIFIER = com.pingan.china.TodayHeadline;
				PRODUCT_NAME = "$(TARGET_NAME)";
				SWIFT_VERSION = 5.0;
				TARGETED_DEVICE_FAMILY = 1;
			};
			name = Release;
		};
/* End XCBuildConfiguration section */

/* Begin XCConfigurationList section */
		648C83B9237E4EF600CC7620 /* Build configuration list for PBXProject "TodayHeadline" */ = {
			isa = XCConfigurationList;
			buildConfigurations = (
				648C83CE237E4EF700CC7620 /* Debug */,
				648C83CF237E4EF700CC7620 /* Release */,
			);
			defaultConfigurationIsVisible = 0;
			defaultConfigurationName = Release;
		};
		648C83D0237E4EF700CC7620 /* Build configuration list for PBXNativeTarget "TodayHeadline" */ = {
			isa = XCConfigurationList;
			buildConfigurations = (
				648C83D1237E4EF700CC7620 /* Debug */,
				648C83D2237E4EF700CC7620 /* Release */,
			);
			defaultConfigurationIsVisible = 0;
			defaultConfigurationName = Release;
		};
/* End XCConfigurationList section */
	};
	rootObject = 648C83B6237E4EF600CC7620 /* Project object */;
}
